
Microsoft Visual Studio Solution File, Format Version 12.00
# Visual Studio Version 16
VisualStudioVersion = 16.0.30114.105
MinimumVisualStudioVersion = 10.0.40219.1
Project("{FAE04EC0-301F-11D3-BF4B-00C04F79EFBC}") = "API", "API\API.csproj", "{B21D671F-012A-4896-B942-33D6F8EF14C1}"
EndProject
Project("{FAE04EC0-301F-11D3-BF4B-00C04F79EFBC}") = "Application", "Application\Application.csproj", "{62379EE7-6D4D-494A-A4E4-2091DA7E93E7}"
EndProject
Project("{FAE04EC0-301F-11D3-BF4B-00C04F79EFBC}") = "Persistence", "Persistence\Persistence.csproj", "{A7676772-95A8-4799-8B00-CB48651CACC2}"
EndProject
Project("{FAE04EC0-301F-11D3-BF4B-00C04F79EFBC}") = "Domain", "Domain\Domain.csproj", "{A6520A5F-319B-4D28-AB56-DBF3E8D9678D}"
EndProject
Global
	GlobalSection(SolutionConfigurationPlatforms) = preSolution
		Debug|Any CPU = Debug|Any CPU
		Release|Any CPU = Release|Any CPU
	EndGlobalSection
	GlobalSection(SolutionProperties) = preSolution
		HideSolutionNode = FALSE
	EndGlobalSection
	GlobalSection(ProjectConfigurationPlatforms) = postSolution
		{B21D671F-012A-4896-B942-33D6F8EF14C1}.Debug|Any CPU.ActiveCfg = Debug|Any CPU
		{B21D671F-012A-4896-B942-33D6F8EF14C1}.Debug|Any CPU.Build.0 = Debug|Any CPU
		{B21D671F-012A-4896-B942-33D6F8EF14C1}.Release|Any CPU.ActiveCfg = Release|Any CPU
		{B21D671F-012A-4896-B942-33D6F8EF14C1}.Release|Any CPU.Build.0 = Release|Any CPU
		{62379EE7-6D4D-494A-A4E4-2091DA7E93E7}.Debug|Any CPU.ActiveCfg = Debug|Any CPU
		{62379EE7-6D4D-494A-A4E4-2091DA7E93E7}.Debug|Any CPU.Build.0 = Debug|Any CPU
		{62379EE7-6D4D-494A-A4E4-2091DA7E93E7}.Release|Any CPU.ActiveCfg = Release|Any CPU
		{62379EE7-6D4D-494A-A4E4-2091DA7E93E7}.Release|Any CPU.Build.0 = Release|Any CPU
		{A7676772-95A8-4799-8B00-CB48651CACC2}.Debug|Any CPU.ActiveCfg = Debug|Any CPU
		{A7676772-95A8-4799-8B00-CB48651CACC2}.Debug|Any CPU.Build.0 = Debug|Any CPU
		{A7676772-95A8-4799-8B00-CB48651CACC2}.Release|Any CPU.ActiveCfg = Release|Any CPU
		{A7676772-95A8-4799-8B00-CB48651CACC2}.Release|Any CPU.Build.0 = Release|Any CPU
		{A6520A5F-319B-4D28-AB56-DBF3E8D9678D}.Debug|Any CPU.ActiveCfg = Debug|Any CPU
		{A6520A5F-319B-4D28-AB56-DBF3E8D9678D}.Debug|Any CPU.Build.0 = Debug|Any CPU
		{A6520A5F-319B-4D28-AB56-DBF3E8D9678D}.Release|Any CPU.ActiveCfg = Release|Any CPU
		{A6520A5F-319B-4D28-AB56-DBF3E8D9678D}.Release|Any CPU.Build.0 = Release|Any CPU
	EndGlobalSection
EndGlobal
